
Microsoft Visual Studio Solution File, Format Version 12.00
# Visual Studio Version 16
Project("{2150E333-8FDC-42A3-9474-1A3956D46DE8}") = "CMakePredefinedTargets", "CMakePredefinedTargets", "{05717DBA-AD9D-35A2-8A0D-21DB6088316D}"
EndProject
Project("{2150E333-8FDC-42A3-9474-1A3956D46DE8}") = "GLFW3", "GLFW3", "{D43327FC-F860-3C1A-B4C4-81F9DC01A636}"
EndProject
Project("{2150E333-8FDC-42A3-9474-1A3956D46DE8}") = "Examples", "GLFW3\Examples", "{6F4CF6F1-E1E8-3312-B972-BD5E1A7BC033}"
EndProject
Project("{2150E333-8FDC-42A3-9474-1A3956D46DE8}") = "Tests", "GLFW3\Tests", "{1C9F99AD-4DF9-3327-A027-ADB78B618218}"
EndProject
Project("{8BC9CEB8-8B4A-11D0-8D11-00A0C91BC942}") = "ALL_BUILD", "ALL_BUILD.vcxproj", "{B805D3AC-EBF9-3C49-B688-C7F23851D76A}"
	ProjectSection(ProjectDependencies) = postProject
		{2DF53592-0495-3B64-8F15-3F63D9B7ED32} = {2DF53592-0495-3B64-8F15-3F63D9B7ED32}
		{2BE4D303-915D-3BD7-AEC9-048EE8DC35A2} = {2BE4D303-915D-3BD7-AEC9-048EE8DC35A2}
		{4A8D1CBD-7D1E-3A13-8907-2D202A03FDF8} = {4A8D1CBD-7D1E-3A13-8907-2D202A03FDF8}
		{231BB082-ABB5-36D4-9EBE-70ED05120B64} = {231BB082-ABB5-36D4-9EBE-70ED05120B64}
		{BEEB2CCF-C755-360D-906F-27E2D0D70C18} = {BEEB2CCF-C755-360D-906F-27E2D0D70C18}
		{81A46649-394F-39C0-8991-92A19092F935} = {81A46649-394F-39C0-8991-92A19092F935}
		{2A1993DE-191C-3C90-98DD-5F44B4E273BB} = {2A1993DE-191C-3C90-98DD-5F44B4E273BB}
		{B345733C-EAB8-3D7B-8EA5-70FB712BA5F4} = {B345733C-EAB8-3D7B-8EA5-70FB712BA5F4}
		{FA5CB1B8-A7CC-322B-B86D-C41746487F82} = {FA5CB1B8-A7CC-322B-B86D-C41746487F82}
		{D0416E12-A631-36AA-BFB0-3A2DF60896D6} = {D0416E12-A631-36AA-BFB0-3A2DF60896D6}
		{5B417FA8-59F4-39F2-84B2-58692EB8A334} = {5B417FA8-59F4-39F2-84B2-58692EB8A334}
		{96D4AA35-6BF6-30F5-B100-5ED9436CEDE2} = {96D4AA35-6BF6-30F5-B100-5ED9436CEDE2}
		{592ACD68-826B-3B81-8535-C6C769266EEA} = {592ACD68-826B-3B81-8535-C6C769266EEA}
		{10B1CA29-99D0-33E0-AA53-7D982E36617B} = {10B1CA29-99D0-33E0-AA53-7D982E36617B}
		{ABE1CC01-FF99-37C0-84D1-FD98B21938BB} = {ABE1CC01-FF99-37C0-84D1-FD98B21938BB}
		{71B65011-C540-3AB1-8295-09E4E8FB44E2} = {71B65011-C540-3AB1-8295-09E4E8FB44E2}
		{EFFDAEF0-B268-34CF-B553-550ED5DCE7EE} = {EFFDAEF0-B268-34CF-B553-550ED5DCE7EE}
		{F227F92C-3194-360E-8A73-633653AFD917} = {F227F92C-3194-360E-8A73-633653AFD917}
		{DEBCDCE7-9BC0-31D9-BBA0-CCF97115A971} = {DEBCDCE7-9BC0-31D9-BBA0-CCF97115A971}
		{61CC08A6-2C39-3EC0-8910-CD041FB306D1} = {61CC08A6-2C39-3EC0-8910-CD041FB306D1}
		{D48C2A51-50A9-3C64-AFBD-438D8CDB622A} = {D48C2A51-50A9-3C64-AFBD-438D8CDB622A}
		{2F002838-DD00-3140-BA7B-37BE668DAAA0} = {2F002838-DD00-3140-BA7B-37BE668DAAA0}
		{35624E26-7538-3776-AD71-EC01F7C67DDD} = {35624E26-7538-3776-AD71-EC01F7C67DDD}
		{220B039C-16C7-360D-A947-2BD62EA36557} = {220B039C-16C7-360D-A947-2BD62EA36557}
		{527356CD-FCFC-3040-B19C-515550E32BBD} = {527356CD-FCFC-3040-B19C-515550E32BBD}
		{7DF56C5F-7DEE-3DCA-9059-7869B86D3D55} = {7DF56C5F-7DEE-3DCA-9059-7869B86D3D55}
		{9EF5CD6F-442D-3B6E-8589-F3A7A3168118} = {9EF5CD6F-442D-3B6E-8589-F3A7A3168118}
		{828109F0-0407-361C-B969-F6E3E649CD7F} = {828109F0-0407-361C-B969-F6E3E649CD7F}
		{E64E86B8-E619-309B-A004-21880841737F} = {E64E86B8-E619-309B-A004-21880841737F}
		{B1D3235C-217B-34FE-A839-CFB5EB2E6320} = {B1D3235C-217B-34FE-A839-CFB5EB2E6320}
		{30F3F5DA-EC95-33B9-980D-4143F4758EA0} = {30F3F5DA-EC95-33B9-980D-4143F4758EA0}
	EndProjectSection
EndProject
Project("{8BC9CEB8-8B4A-11D0-8D11-00A0C91BC942}") = "INSTALL", "INSTALL.vcxproj", "{2BB5030E-21FE-3101-83FC-8FD11285F8D0}"
	ProjectSection(ProjectDependencies) = postProject
		{B805D3AC-EBF9-3C49-B688-C7F23851D76A} = {B805D3AC-EBF9-3C49-B688-C7F23851D76A}
		{2DF53592-0495-3B64-8F15-3F63D9B7ED32} = {2DF53592-0495-3B64-8F15-3F63D9B7ED32}
	EndProjectSection
EndProject
Project("{8BC9CEB8-8B4A-11D0-8D11-00A0C91BC942}") = "ZERO_CHECK", "ZERO_CHECK.vcxproj", "{2DF53592-0495-3B64-8F15-3F63D9B7ED32}"
	ProjectSection(ProjectDependencies) = postProject
	EndProjectSection
EndProject
Project("{8BC9CEB8-8B4A-11D0-8D11-00A0C91BC942}") = "boing", "examples\boing.vcxproj", "{2BE4D303-915D-3BD7-AEC9-048EE8DC35A2}"
	ProjectSection(ProjectDependencies) = postProject
		{2DF53592-0495-3B64-8F15-3F63D9B7ED32} = {2DF53592-0495-3B64-8F15-3F63D9B7ED32}
		{FA5CB1B8-A7CC-322B-B86D-C41746487F82} = {FA5CB1B8-A7CC-322B-B86D-C41746487F82}
	EndProjectSection
EndProject
Project("{8BC9CEB8-8B4A-11D0-8D11-00A0C91BC942}") = "clipboard", "tests\clipboard.vcxproj", "{4A8D1CBD-7D1E-3A13-8907-2D202A03FDF8}"
	ProjectSection(ProjectDependencies) = postProject
		{2DF53592-0495-3B64-8F15-3F63D9B7ED32} = {2DF53592-0495-3B64-8F15-3F63D9B7ED32}
		{FA5CB1B8-A7CC-322B-B86D-C41746487F82} = {FA5CB1B8-A7CC-322B-B86D-C41746487F82}
	EndProjectSection
EndProject
Project("{8BC9CEB8-8B4A-11D0-8D11-00A0C91BC942}") = "cursor", "tests\cursor.vcxproj", "{231BB082-ABB5-36D4-9EBE-70ED05120B64}"
	ProjectSection(ProjectDependencies) = postProject
		{2DF53592-0495-3B64-8F15-3F63D9B7ED32} = {2DF53592-0495-3B64-8F15-3F63D9B7ED32}
		{FA5CB1B8-A7CC-322B-B86D-C41746487F82} = {FA5CB1B8-A7CC-322B-B86D-C41746487F82}
	EndProjectSection
EndProject
Project("{8BC9CEB8-8B4A-11D0-8D11-00A0C91BC942}") = "empty", "tests\empty.vcxproj", "{BEEB2CCF-C755-360D-906F-27E2D0D70C18}"
	ProjectSection(ProjectDependencies) = postProject
		{2DF53592-0495-3B64-8F15-3F63D9B7ED32} = {2DF53592-0495-3B64-8F15-3F63D9B7ED32}
		{FA5CB1B8-A7CC-322B-B86D-C41746487F82} = {FA5CB1B8-A7CC-322B-B86D-C41746487F82}
	EndProjectSection
EndProject
Project("{8BC9CEB8-8B4A-11D0-8D11-00A0C91BC942}") = "events", "tests\events.vcxproj", "{81A46649-394F-39C0-8991-92A19092F935}"
	ProjectSection(ProjectDependencies) = postProject
		{2DF53592-0495-3B64-8F15-3F63D9B7ED32} = {2DF53592-0495-3B64-8F15-3F63D9B7ED32}
		{FA5CB1B8-A7CC-322B-B86D-C41746487F82} = {FA5CB1B8-A7CC-322B-B86D-C41746487F82}
	EndProjectSection
EndProject
Project("{8BC9CEB8-8B4A-11D0-8D11-00A0C91BC942}") = "gamma", "tests\gamma.vcxproj", "{2A1993DE-191C-3C90-98DD-5F44B4E273BB}"
	ProjectSection(ProjectDependencies) = postProject
		{2DF53592-0495-3B64-8F15-3F63D9B7ED32} = {2DF53592-0495-3B64-8F15-3F63D9B7ED32}
		{FA5CB1B8-A7CC-322B-B86D-C41746487F82} = {FA5CB1B8-A7CC-322B-B86D-C41746487F82}
	EndProjectSection
EndProject
Project("{8BC9CEB8-8B4A-11D0-8D11-00A0C91BC942}") = "gears", "examples\gears.vcxproj", "{B345733C-EAB8-3D7B-8EA5-70FB712BA5F4}"
	ProjectSection(ProjectDependencies) = postProject
		{2DF53592-0495-3B64-8F15-3F63D9B7ED32} = {2DF53592-0495-3B64-8F15-3F63D9B7ED32}
		{FA5CB1B8-A7CC-322B-B86D-C41746487F82} = {FA5CB1B8-A7CC-322B-B86D-C41746487F82}
	EndProjectSection
EndProject
Project("{8BC9CEB8-8B4A-11D0-8D11-00A0C91BC942}") = "glfw", "src\glfw.vcxproj", "{FA5CB1B8-A7CC-322B-B86D-C41746487F82}"
	ProjectSection(ProjectDependencies) = postProject
		{2DF53592-0495-3B64-8F15-3F63D9B7ED32} = {2DF53592-0495-3B64-8F15-3F63D9B7ED32}
	EndProjectSection
EndProject
Project("{8BC9CEB8-8B4A-11D0-8D11-00A0C91BC942}") = "glfwinfo", "tests\glfwinfo.vcxproj", "{D0416E12-A631-36AA-BFB0-3A2DF60896D6}"
	ProjectSection(ProjectDependencies) = postProject
		{2DF53592-0495-3B64-8F15-3F63D9B7ED32} = {2DF53592-0495-3B64-8F15-3F63D9B7ED32}
		{FA5CB1B8-A7CC-322B-B86D-C41746487F82} = {FA5CB1B8-A7CC-322B-B86D-C41746487F82}
	EndProjectSection
EndProject
Project("{8BC9CEB8-8B4A-11D0-8D11-00A0C91BC942}") = "heightmap", "examples\heightmap.vcxproj", "{5B417FA8-59F4-39F2-84B2-58692EB8A334}"
	ProjectSection(ProjectDependencies) = postProject
		{2DF53592-0495-3B64-8F15-3F63D9B7ED32} = {2DF53592-0495-3B64-8F15-3F63D9B7ED32}
		{FA5CB1B8-A7CC-322B-B86D-C41746487F82} = {FA5CB1B8-A7CC-322B-B86D-C41746487F82}
	EndProjectSection
EndProject
Project("{8BC9CEB8-8B4A-11D0-8D11-00A0C91BC942}") = "icon", "tests\icon.vcxproj", "{96D4AA35-6BF6-30F5-B100-5ED9436CEDE2}"
	ProjectSection(ProjectDependencies) = postProject
		{2DF53592-0495-3B64-8F15-3F63D9B7ED32} = {2DF53592-0495-3B64-8F15-3F63D9B7ED32}
		{FA5CB1B8-A7CC-322B-B86D-C41746487F82} = {FA5CB1B8-A7CC-322B-B86D-C41746487F82}
	EndProjectSection
EndProject
Project("{8BC9CEB8-8B4A-11D0-8D11-00A0C91BC942}") = "iconify", "tests\iconify.vcxproj", "{592ACD68-826B-3B81-8535-C6C769266EEA}"
	ProjectSection(ProjectDependencies) = postProject
		{2DF53592-0495-3B64-8F15-3F63D9B7ED32} = {2DF53592-0495-3B64-8F15-3F63D9B7ED32}
		{FA5CB1B8-A7CC-322B-B86D-C41746487F82} = {FA5CB1B8-A7CC-322B-B86D-C41746487F82}
	EndProjectSection
EndProject
Project("{8BC9CEB8-8B4A-11D0-8D11-00A0C91BC942}") = "inputlag", "tests\inputlag.vcxproj", "{10B1CA29-99D0-33E0-AA53-7D982E36617B}"
	ProjectSection(ProjectDependencies) = postProject
		{2DF53592-0495-3B64-8F15-3F63D9B7ED32} = {2DF53592-0495-3B64-8F15-3F63D9B7ED32}
		{FA5CB1B8-A7CC-322B-B86D-C41746487F82} = {FA5CB1B8-A7CC-322B-B86D-C41746487F82}
	EndProjectSection
EndProject
Project("{8BC9CEB8-8B4A-11D0-8D11-00A0C91BC942}") = "joysticks", "tests\joysticks.vcxproj", "{ABE1CC01-FF99-37C0-84D1-FD98B21938BB}"
	ProjectSection(ProjectDependencies) = postProject
		{2DF53592-0495-3B64-8F15-3F63D9B7ED32} = {2DF53592-0495-3B64-8F15-3F63D9B7ED32}
		{FA5CB1B8-A7CC-322B-B86D-C41746487F82} = {FA5CB1B8-A7CC-322B-B86D-C41746487F82}
	EndProjectSection
EndProject
Project("{8BC9CEB8-8B4A-11D0-8D11-00A0C91BC942}") = "monitors", "tests\monitors.vcxproj", "{71B65011-C540-3AB1-8295-09E4E8FB44E2}"
	ProjectSection(ProjectDependencies) = postProject
		{2DF53592-0495-3B64-8F15-3F63D9B7ED32} = {2DF53592-0495-3B64-8F15-3F63D9B7ED32}
		{FA5CB1B8-A7CC-322B-B86D-C41746487F82} = {FA5CB1B8-A7CC-322B-B86D-C41746487F82}
	EndProjectSection
EndProject
Project("{8BC9CEB8-8B4A-11D0-8D11-00A0C91BC942}") = "msaa", "tests\msaa.vcxproj", "{EFFDAEF0-B268-34CF-B553-550ED5DCE7EE}"
	ProjectSection(ProjectDependencies) = postProject
		{2DF53592-0495-3B64-8F15-3F63D9B7ED32} = {2DF53592-0495-3B64-8F15-3F63D9B7ED32}
		{FA5CB1B8-A7CC-322B-B86D-C41746487F82} = {FA5CB1B8-A7CC-322B-B86D-C41746487F82}
	EndProjectSection
EndProject
Project("{8BC9CEB8-8B4A-11D0-8D11-00A0C91BC942}") = "offscreen", "examples\offscreen.vcxproj", "{F227F92C-3194-360E-8A73-633653AFD917}"
	ProjectSection(ProjectDependencies) = postProject
		{2DF53592-0495-3B64-8F15-3F63D9B7ED32} = {2DF53592-0495-3B64-8F15-3F63D9B7ED32}
		{FA5CB1B8-A7CC-322B-B86D-C41746487F82} = {FA5CB1B8-A7CC-322B-B86D-C41746487F82}
	EndProjectSection
EndProject
Project("{8BC9CEB8-8B4A-11D0-8D11-00A0C91BC942}") = "opacity", "tests\opacity.vcxproj", "{DEBCDCE7-9BC0-31D9-BBA0-CCF97115A971}"
	ProjectSection(ProjectDependencies) = postProject
		{2DF53592-0495-3B64-8F15-3F63D9B7ED32} = {2DF53592-0495-3B64-8F15-3F63D9B7ED32}
		{FA5CB1B8-A7CC-322B-B86D-C41746487F82} = {FA5CB1B8-A7CC-322B-B86D-C41746487F82}
	EndProjectSection
EndProject
Project("{8BC9CEB8-8B4A-11D0-8D11-00A0C91BC942}") = "particles", "examples\particles.vcxproj", "{61CC08A6-2C39-3EC0-8910-CD041FB306D1}"
	ProjectSection(ProjectDependencies) = postProject
		{2DF53592-0495-3B64-8F15-3F63D9B7ED32} = {2DF53592-0495-3B64-8F15-3F63D9B7ED32}
		{FA5CB1B8-A7CC-322B-B86D-C41746487F82} = {FA5CB1B8-A7CC-322B-B86D-C41746487F82}
	EndProjectSection
EndProject
Project("{8BC9CEB8-8B4A-11D0-8D11-00A0C91BC942}") = "reopen", "tests\reopen.vcxproj", "{D48C2A51-50A9-3C64-AFBD-438D8CDB622A}"
	ProjectSection(ProjectDependencies) = postProject
		{2DF53592-0495-3B64-8F15-3F63D9B7ED32} = {2DF53592-0495-3B64-8F15-3F63D9B7ED32}
		{FA5CB1B8-A7CC-322B-B86D-C41746487F82} = {FA5CB1B8-A7CC-322B-B86D-C41746487F82}
	EndProjectSection
EndProject
Project("{8BC9CEB8-8B4A-11D0-8D11-00A0C91BC942}") = "sharing", "examples\sharing.vcxproj", "{2F002838-DD00-3140-BA7B-37BE668DAAA0}"
	ProjectSection(ProjectDependencies) = postProject
		{2DF53592-0495-3B64-8F15-3F63D9B7ED32} = {2DF53592-0495-3B64-8F15-3F63D9B7ED32}
		{FA5CB1B8-A7CC-322B-B86D-C41746487F82} = {FA5CB1B8-A7CC-322B-B86D-C41746487F82}
	EndProjectSection
EndProject
Project("{8BC9CEB8-8B4A-11D0-8D11-00A0C91BC942}") = "simple", "examples\simple.vcxproj", "{35624E26-7538-3776-AD71-EC01F7C67DDD}"
	ProjectSection(ProjectDependencies) = postProject
		{2DF53592-0495-3B64-8F15-3F63D9B7ED32} = {2DF53592-0495-3B64-8F15-3F63D9B7ED32}
		{FA5CB1B8-A7CC-322B-B86D-C41746487F82} = {FA5CB1B8-A7CC-322B-B86D-C41746487F82}
	EndProjectSection
EndProject
Project("{8BC9CEB8-8B4A-11D0-8D11-00A0C91BC942}") = "splitview", "examples\splitview.vcxproj", "{220B039C-16C7-360D-A947-2BD62EA36557}"
	ProjectSection(ProjectDependencies) = postProject
		{2DF53592-0495-3B64-8F15-3F63D9B7ED32} = {2DF53592-0495-3B64-8F15-3F63D9B7ED32}
		{FA5CB1B8-A7CC-322B-B86D-C41746487F82} = {FA5CB1B8-A7CC-322B-B86D-C41746487F82}
	EndProjectSection
EndProject
Project("{8BC9CEB8-8B4A-11D0-8D11-00A0C91BC942}") = "tearing", "tests\tearing.vcxproj", "{527356CD-FCFC-3040-B19C-515550E32BBD}"
	ProjectSection(ProjectDependencies) = postProject
		{2DF53592-0495-3B64-8F15-3F63D9B7ED32} = {2DF53592-0495-3B64-8F15-3F63D9B7ED32}
		{FA5CB1B8-A7CC-322B-B86D-C41746487F82} = {FA5CB1B8-A7CC-322B-B86D-C41746487F82}
	EndProjectSection
EndProject
Project("{8BC9CEB8-8B4A-11D0-8D11-00A0C91BC942}") = "threads", "tests\threads.vcxproj", "{7DF56C5F-7DEE-3DCA-9059-7869B86D3D55}"
	ProjectSection(ProjectDependencies) = postProject
		{2DF53592-0495-3B64-8F15-3F63D9B7ED32} = {2DF53592-0495-3B64-8F15-3F63D9B7ED32}
		{FA5CB1B8-A7CC-322B-B86D-C41746487F82} = {FA5CB1B8-A7CC-322B-B86D-C41746487F82}
	EndProjectSection
EndProject
Project("{8BC9CEB8-8B4A-11D0-8D11-00A0C91BC942}") = "timeout", "tests\timeout.vcxproj", "{9EF5CD6F-442D-3B6E-8589-F3A7A3168118}"
	ProjectSection(ProjectDependencies) = postProject
		{2DF53592-0495-3B64-8F15-3F63D9B7ED32} = {2DF53592-0495-3B64-8F15-3F63D9B7ED32}
		{FA5CB1B8-A7CC-322B-B86D-C41746487F82} = {FA5CB1B8-A7CC-322B-B86D-C41746487F82}
	EndProjectSection
EndProject
Project("{8BC9CEB8-8B4A-11D0-8D11-00A0C91BC942}") = "title", "tests\title.vcxproj", "{828109F0-0407-361C-B969-F6E3E649CD7F}"
	ProjectSection(ProjectDependencies) = postProject
		{2DF53592-0495-3B64-8F15-3F63D9B7ED32} = {2DF53592-0495-3B64-8F15-3F63D9B7ED32}
		{FA5CB1B8-A7CC-322B-B86D-C41746487F82} = {FA5CB1B8-A7CC-322B-B86D-C41746487F82}
	EndProjectSection
EndProject
Project("{8BC9CEB8-8B4A-11D0-8D11-00A0C91BC942}") = "triangle-vulkan", "tests\triangle-vulkan.vcxproj", "{E64E86B8-E619-309B-A004-21880841737F}"
	ProjectSection(ProjectDependencies) = postProject
		{2DF53592-0495-3B64-8F15-3F63D9B7ED32} = {2DF53592-0495-3B64-8F15-3F63D9B7ED32}
		{FA5CB1B8-A7CC-322B-B86D-C41746487F82} = {FA5CB1B8-A7CC-322B-B86D-C41746487F82}
	EndProjectSection
EndProject
Project("{8BC9CEB8-8B4A-11D0-8D11-00A0C91BC942}") = "uninstall", "uninstall.vcxproj", "{695D9356-CCE5-3510-978C-137C29FEF256}"
	ProjectSection(ProjectDependencies) = postProject
		{2DF53592-0495-3B64-8F15-3F63D9B7ED32} = {2DF53592-0495-3B64-8F15-3F63D9B7ED32}
	EndProjectSection
EndProject
Project("{8BC9CEB8-8B4A-11D0-8D11-00A0C91BC942}") = "wave", "examples\wave.vcxproj", "{B1D3235C-217B-34FE-A839-CFB5EB2E6320}"
	ProjectSection(ProjectDependencies) = postProject
		{2DF53592-0495-3B64-8F15-3F63D9B7ED32} = {2DF53592-0495-3B64-8F15-3F63D9B7ED32}
		{FA5CB1B8-A7CC-322B-B86D-C41746487F82} = {FA5CB1B8-A7CC-322B-B86D-C41746487F82}
	EndProjectSection
EndProject
Project("{8BC9CEB8-8B4A-11D0-8D11-00A0C91BC942}") = "windows", "tests\windows.vcxproj", "{30F3F5DA-EC95-33B9-980D-4143F4758EA0}"
	ProjectSection(ProjectDependencies) = postProject
		{2DF53592-0495-3B64-8F15-3F63D9B7ED32} = {2DF53592-0495-3B64-8F15-3F63D9B7ED32}
		{FA5CB1B8-A7CC-322B-B86D-C41746487F82} = {FA5CB1B8-A7CC-322B-B86D-C41746487F82}
	EndProjectSection
EndProject
Global
	GlobalSection(SolutionConfigurationPlatforms) = preSolution
		Debug|x64 = Debug|x64
		Release|x64 = Release|x64
		MinSizeRel|x64 = MinSizeRel|x64
		RelWithDebInfo|x64 = RelWithDebInfo|x64
	EndGlobalSection
	GlobalSection(ProjectConfigurationPlatforms) = postSolution
		{B805D3AC-EBF9-3C49-B688-C7F23851D76A}.Debug|x64.ActiveCfg = Debug|x64
		{B805D3AC-EBF9-3C49-B688-C7F23851D76A}.Debug|x64.Build.0 = Debug|x64
		{B805D3AC-EBF9-3C49-B688-C7F23851D76A}.Release|x64.ActiveCfg = Release|x64
		{B805D3AC-EBF9-3C49-B688-C7F23851D76A}.Release|x64.Build.0 = Release|x64
		{B805D3AC-EBF9-3C49-B688-C7F23851D76A}.MinSizeRel|x64.ActiveCfg = MinSizeRel|x64
		{B805D3AC-EBF9-3C49-B688-C7F23851D76A}.MinSizeRel|x64.Build.0 = MinSizeRel|x64
		{B805D3AC-EBF9-3C49-B688-C7F23851D76A}.RelWithDebInfo|x64.ActiveCfg = RelWithDebInfo|x64
		{B805D3AC-EBF9-3C49-B688-C7F23851D76A}.RelWithDebInfo|x64.Build.0 = RelWithDebInfo|x64
		{2BB5030E-21FE-3101-83FC-8FD11285F8D0}.Debug|x64.ActiveCfg = Debug|x64
		{2BB5030E-21FE-3101-83FC-8FD11285F8D0}.Release|x64.ActiveCfg = Release|x64
		{2BB5030E-21FE-3101-83FC-8FD11285F8D0}.MinSizeRel|x64.ActiveCfg = MinSizeRel|x64
		{2BB5030E-21FE-3101-83FC-8FD11285F8D0}.RelWithDebInfo|x64.ActiveCfg = RelWithDebInfo|x64
		{2DF53592-0495-3B64-8F15-3F63D9B7ED32}.Debug|x64.ActiveCfg = Debug|x64
		{2DF53592-0495-3B64-8F15-3F63D9B7ED32}.Debug|x64.Build.0 = Debug|x64
		{2DF53592-0495-3B64-8F15-3F63D9B7ED32}.Release|x64.ActiveCfg = Release|x64
		{2DF53592-0495-3B64-8F15-3F63D9B7ED32}.Release|x64.Build.0 = Release|x64
		{2DF53592-0495-3B64-8F15-3F63D9B7ED32}.MinSizeRel|x64.ActiveCfg = MinSizeRel|x64
		{2DF53592-0495-3B64-8F15-3F63D9B7ED32}.MinSizeRel|x64.Build.0 = MinSizeRel|x64
		{2DF53592-0495-3B64-8F15-3F63D9B7ED32}.RelWithDebInfo|x64.ActiveCfg = RelWithDebInfo|x64
		{2DF53592-0495-3B64-8F15-3F63D9B7ED32}.RelWithDebInfo|x64.Build.0 = RelWithDebInfo|x64
		{2BE4D303-915D-3BD7-AEC9-048EE8DC35A2}.Debug|x64.ActiveCfg = Debug|x64
		{2BE4D303-915D-3BD7-AEC9-048EE8DC35A2}.Debug|x64.Build.0 = Debug|x64
		{2BE4D303-915D-3BD7-AEC9-048EE8DC35A2}.Release|x64.ActiveCfg = Release|x64
		{2BE4D303-915D-3BD7-AEC9-048EE8DC35A2}.Release|x64.Build.0 = Release|x64
		{2BE4D303-915D-3BD7-AEC9-048EE8DC35A2}.MinSizeRel|x64.ActiveCfg = MinSizeRel|x64
		{2BE4D303-915D-3BD7-AEC9-048EE8DC35A2}.MinSizeRel|x64.Build.0 = MinSizeRel|x64
		{2BE4D303-915D-3BD7-AEC9-048EE8DC35A2}.RelWithDebInfo|x64.ActiveCfg = RelWithDebInfo|x64
		{2BE4D303-915D-3BD7-AEC9-048EE8DC35A2}.RelWithDebInfo|x64.Build.0 = RelWithDebInfo|x64
		{4A8D1CBD-7D1E-3A13-8907-2D202A03FDF8}.Debug|x64.ActiveCfg = Debug|x64
		{4A8D1CBD-7D1E-3A13-8907-2D202A03FDF8}.Debug|x64.Build.0 = Debug|x64
		{4A8D1CBD-7D1E-3A13-8907-2D202A03FDF8}.Release|x64.ActiveCfg = Release|x64
		{4A8D1CBD-7D1E-3A13-8907-2D202A03FDF8}.Release|x64.Build.0 = Release|x64
		{4A8D1CBD-7D1E-3A13-8907-2D202A03FDF8}.MinSizeRel|x64.ActiveCfg = MinSizeRel|x64
		{4A8D1CBD-7D1E-3A13-8907-2D202A03FDF8}.MinSizeRel|x64.Build.0 = MinSizeRel|x64
		{4A8D1CBD-7D1E-3A13-8907-2D202A03FDF8}.RelWithDebInfo|x64.ActiveCfg = RelWithDebInfo|x64
		{4A8D1CBD-7D1E-3A13-8907-2D202A03FDF8}.RelWithDebInfo|x64.Build.0 = RelWithDebInfo|x64
		{231BB082-ABB5-36D4-9EBE-70ED05120B64}.Debug|x64.ActiveCfg = Debug|x64
		{231BB082-ABB5-36D4-9EBE-70ED05120B64}.Debug|x64.Build.0 = Debug|x64
		{231BB082-ABB5-36D4-9EBE-70ED05120B64}.Release|x64.ActiveCfg = Release|x64
		{231BB082-ABB5-36D4-9EBE-70ED05120B64}.Release|x64.Build.0 = Release|x64
		{231BB082-ABB5-36D4-9EBE-70ED05120B64}.MinSizeRel|x64.ActiveCfg = MinSizeRel|x64
		{231BB082-ABB5-36D4-9EBE-70ED05120B64}.MinSizeRel|x64.Build.0 = MinSizeRel|x64
		{231BB082-ABB5-36D4-9EBE-70ED05120B64}.RelWithDebInfo|x64.ActiveCfg = RelWithDebInfo|x64
		{231BB082-ABB5-36D4-9EBE-70ED05120B64}.RelWithDebInfo|x64.Build.0 = RelWithDebInfo|x64
		{BEEB2CCF-C755-360D-906F-27E2D0D70C18}.Debug|x64.ActiveCfg = Debug|x64
		{BEEB2CCF-C755-360D-906F-27E2D0D70C18}.Debug|x64.Build.0 = Debug|x64
		{BEEB2CCF-C755-360D-906F-27E2D0D70C18}.Release|x64.ActiveCfg = Release|x64
		{BEEB2CCF-C755-360D-906F-27E2D0D70C18}.Release|x64.Build.0 = Release|x64
		{BEEB2CCF-C755-360D-906F-27E2D0D70C18}.MinSizeRel|x64.ActiveCfg = MinSizeRel|x64
		{BEEB2CCF-C755-360D-906F-27E2D0D70C18}.MinSizeRel|x64.Build.0 = MinSizeRel|x64
		{BEEB2CCF-C755-360D-906F-27E2D0D70C18}.RelWithDebInfo|x64.ActiveCfg = RelWithDebInfo|x64
		{BEEB2CCF-C755-360D-906F-27E2D0D70C18}.RelWithDebInfo|x64.Build.0 = RelWithDebInfo|x64
		{81A46649-394F-39C0-8991-92A19092F935}.Debug|x64.ActiveCfg = Debug|x64
		{81A46649-394F-39C0-8991-92A19092F935}.Debug|x64.Build.0 = Debug|x64
		{81A46649-394F-39C0-8991-92A19092F935}.Release|x64.ActiveCfg = Release|x64
		{81A46649-394F-39C0-8991-92A19092F935}.Release|x64.Build.0 = Release|x64
		{81A46649-394F-39C0-8991-92A19092F935}.MinSizeRel|x64.ActiveCfg = MinSizeRel|x64
		{81A46649-394F-39C0-8991-92A19092F935}.MinSizeRel|x64.Build.0 = MinSizeRel|x64
		{81A46649-394F-39C0-8991-92A19092F935}.RelWithDebInfo|x64.ActiveCfg = RelWithDebInfo|x64
		{81A46649-394F-39C0-8991-92A19092F935}.RelWithDebInfo|x64.Build.0 = RelWithDebInfo|x64
		{2A1993DE-191C-3C90-98DD-5F44B4E273BB}.Debug|x64.ActiveCfg = Debug|x64
		{2A1993DE-191C-3C90-98DD-5F44B4E273BB}.Debug|x64.Build.0 = Debug|x64
		{2A1993DE-191C-3C90-98DD-5F44B4E273BB}.Release|x64.ActiveCfg = Release|x64
		{2A1993DE-191C-3C90-98DD-5F44B4E273BB}.Release|x64.Build.0 = Release|x64
		{2A1993DE-191C-3C90-98DD-5F44B4E273BB}.MinSizeRel|x64.ActiveCfg = MinSizeRel|x64
		{2A1993DE-191C-3C90-98DD-5F44B4E273BB}.MinSizeRel|x64.Build.0 = MinSizeRel|x64
		{2A1993DE-191C-3C90-98DD-5F44B4E273BB}.RelWithDebInfo|x64.ActiveCfg = RelWithDebInfo|x64
		{2A1993DE-191C-3C90-98DD-5F44B4E273BB}.RelWithDebInfo|x64.Build.0 = RelWithDebInfo|x64
		{B345733C-EAB8-3D7B-8EA5-70FB712BA5F4}.Debug|x64.ActiveCfg = Debug|x64
		{B345733C-EAB8-3D7B-8EA5-70FB712BA5F4}.Debug|x64.Build.0 = Debug|x64
		{B345733C-EAB8-3D7B-8EA5-70FB712BA5F4}.Release|x64.ActiveCfg = Release|x64
		{B345733C-EAB8-3D7B-8EA5-70FB712BA5F4}.Release|x64.Build.0 = Release|x64
		{B345733C-EAB8-3D7B-8EA5-70FB712BA5F4}.MinSizeRel|x64.ActiveCfg = MinSizeRel|x64
		{B345733C-EAB8-3D7B-8EA5-70FB712BA5F4}.MinSizeRel|x64.Build.0 = MinSizeRel|x64
		{B345733C-EAB8-3D7B-8EA5-70FB712BA5F4}.RelWithDebInfo|x64.ActiveCfg = RelWithDebInfo|x64
		{B345733C-EAB8-3D7B-8EA5-70FB712BA5F4}.RelWithDebInfo|x64.Build.0 = RelWithDebInfo|x64
		{FA5CB1B8-A7CC-322B-B86D-C41746487F82}.Debug|x64.ActiveCfg = Debug|x64
		{FA5CB1B8-A7CC-322B-B86D-C41746487F82}.Debug|x64.Build.0 = Debug|x64
		{FA5CB1B8-A7CC-322B-B86D-C41746487F82}.Release|x64.ActiveCfg = Release|x64
		{FA5CB1B8-A7CC-322B-B86D-C41746487F82}.Release|x64.Build.0 = Release|x64
		{FA5CB1B8-A7CC-322B-B86D-C41746487F82}.MinSizeRel|x64.ActiveCfg = MinSizeRel|x64
		{FA5CB1B8-A7CC-322B-B86D-C41746487F82}.MinSizeRel|x64.Build.0 = MinSizeRel|x64
		{FA5CB1B8-A7CC-322B-B86D-C41746487F82}.RelWithDebInfo|x64.ActiveCfg = RelWithDebInfo|x64
		{FA5CB1B8-A7CC-322B-B86D-C41746487F82}.RelWithDebInfo|x64.Build.0 = RelWithDebInfo|x64
		{D0416E12-A631-36AA-BFB0-3A2DF60896D6}.Debug|x64.ActiveCfg = Debug|x64
		{D0416E12-A631-36AA-BFB0-3A2DF60896D6}.Debug|x64.Build.0 = Debug|x64
		{D0416E12-A631-36AA-BFB0-3A2DF60896D6}.Release|x64.ActiveCfg = Release|x64
		{D0416E12-A631-36AA-BFB0-3A2DF60896D6}.Release|x64.Build.0 = Release|x64
		{D0416E12-A631-36AA-BFB0-3A2DF60896D6}.MinSizeRel|x64.ActiveCfg = MinSizeRel|x64
		{D0416E12-A631-36AA-BFB0-3A2DF60896D6}.MinSizeRel|x64.Build.0 = MinSizeRel|x64
		{D0416E12-A631-36AA-BFB0-3A2DF60896D6}.RelWithDebInfo|x64.ActiveCfg = RelWithDebInfo|x64
		{D0416E12-A631-36AA-BFB0-3A2DF60896D6}.RelWithDebInfo|x64.Build.0 = RelWithDebInfo|x64
		{5B417FA8-59F4-39F2-84B2-58692EB8A334}.Debug|x64.ActiveCfg = Debug|x64
		{5B417FA8-59F4-39F2-84B2-58692EB8A334}.Debug|x64.Build.0 = Debug|x64
		{5B417FA8-59F4-39F2-84B2-58692EB8A334}.Release|x64.ActiveCfg = Release|x64
		{5B417FA8-59F4-39F2-84B2-58692EB8A334}.Release|x64.Build.0 = Release|x64
		{5B417FA8-59F4-39F2-84B2-58692EB8A334}.MinSizeRel|x64.ActiveCfg = MinSizeRel|x64
		{5B417FA8-59F4-39F2-84B2-58692EB8A334}.MinSizeRel|x64.Build.0 = MinSizeRel|x64
		{5B417FA8-59F4-39F2-84B2-58692EB8A334}.RelWithDebInfo|x64.ActiveCfg = RelWithDebInfo|x64
		{5B417FA8-59F4-39F2-84B2-58692EB8A334}.RelWithDebInfo|x64.Build.0 = RelWithDebInfo|x64
		{96D4AA35-6BF6-30F5-B100-5ED9436CEDE2}.Debug|x64.ActiveCfg = Debug|x64
		{96D4AA35-6BF6-30F5-B100-5ED9436CEDE2}.Debug|x64.Build.0 = Debug|x64
		{96D4AA35-6BF6-30F5-B100-5ED9436CEDE2}.Release|x64.ActiveCfg = Release|x64
		{96D4AA35-6BF6-30F5-B100-5ED9436CEDE2}.Release|x64.Build.0 = Release|x64
		{96D4AA35-6BF6-30F5-B100-5ED9436CEDE2}.MinSizeRel|x64.ActiveCfg = MinSizeRel|x64
		{96D4AA35-6BF6-30F5-B100-5ED9436CEDE2}.MinSizeRel|x64.Build.0 = MinSizeRel|x64
		{96D4AA35-6BF6-30F5-B100-5ED9436CEDE2}.RelWithDebInfo|x64.ActiveCfg = RelWithDebInfo|x64
		{96D4AA35-6BF6-30F5-B100-5ED9436CEDE2}.RelWithDebInfo|x64.Build.0 = RelWithDebInfo|x64
		{592ACD68-826B-3B81-8535-C6C769266EEA}.Debug|x64.ActiveCfg = Debug|x64
		{592ACD68-826B-3B81-8535-C6C769266EEA}.Debug|x64.Build.0 = Debug|x64
		{592ACD68-826B-3B81-8535-C6C769266EEA}.Release|x64.ActiveCfg = Release|x64
		{592ACD68-826B-3B81-8535-C6C769266EEA}.Release|x64.Build.0 = Release|x64
		{592ACD68-826B-3B81-8535-C6C769266EEA}.MinSizeRel|x64.ActiveCfg = MinSizeRel|x64
		{592ACD68-826B-3B81-8535-C6C769266EEA}.MinSizeRel|x64.Build.0 = MinSizeRel|x64
		{592ACD68-826B-3B81-8535-C6C769266EEA}.RelWithDebInfo|x64.ActiveCfg = RelWithDebInfo|x64
		{592ACD68-826B-3B81-8535-C6C769266EEA}.RelWithDebInfo|x64.Build.0 = RelWithDebInfo|x64
		{10B1CA29-99D0-33E0-AA53-7D982E36617B}.Debug|x64.ActiveCfg = Debug|x64
		{10B1CA29-99D0-33E0-AA53-7D982E36617B}.Debug|x64.Build.0 = Debug|x64
		{10B1CA29-99D0-33E0-AA53-7D982E36617B}.Release|x64.ActiveCfg = Release|x64
		{10B1CA29-99D0-33E0-AA53-7D982E36617B}.Release|x64.Build.0 = Release|x64
		{10B1CA29-99D0-33E0-AA53-7D982E36617B}.MinSizeRel|x64.ActiveCfg = MinSizeRel|x64
		{10B1CA29-99D0-33E0-AA53-7D982E36617B}.MinSizeRel|x64.Build.0 = MinSizeRel|x64
		{10B1CA29-99D0-33E0-AA53-7D982E36617B}.RelWithDebInfo|x64.ActiveCfg = RelWithDebInfo|x64
		{10B1CA29-99D0-33E0-AA53-7D982E36617B}.RelWithDebInfo|x64.Build.0 = RelWithDebInfo|x64
		{ABE1CC01-FF99-37C0-84D1-FD98B21938BB}.Debug|x64.ActiveCfg = Debug|x64
		{ABE1CC01-FF99-37C0-84D1-FD98B21938BB}.Debug|x64.Build.0 = Debug|x64
		{ABE1CC01-FF99-37C0-84D1-FD98B21938BB}.Release|x64.ActiveCfg = Release|x64
		{ABE1CC01-FF99-37C0-84D1-FD98B21938BB}.Release|x64.Build.0 = Release|x64
		{ABE1CC01-FF99-37C0-84D1-FD98B21938BB}.MinSizeRel|x64.ActiveCfg = MinSizeRel|x64
		{ABE1CC01-FF99-37C0-84D1-FD98B21938BB}.MinSizeRel|x64.Build.0 = MinSizeRel|x64
		{ABE1CC01-FF99-37C0-84D1-FD98B21938BB}.RelWithDebInfo|x64.ActiveCfg = RelWithDebInfo|x64
		{ABE1CC01-FF99-37C0-84D1-FD98B21938BB}.RelWithDebInfo|x64.Build.0 = RelWithDebInfo|x64
		{71B65011-C540-3AB1-8295-09E4E8FB44E2}.Debug|x64.ActiveCfg = Debug|x64
		{71B65011-C540-3AB1-8295-09E4E8FB44E2}.Debug|x64.Build.0 = Debug|x64
		{71B65011-C540-3AB1-8295-09E4E8FB44E2}.Release|x64.ActiveCfg = Release|x64
		{71B65011-C540-3AB1-8295-09E4E8FB44E2}.Release|x64.Build.0 = Release|x64
		{71B65011-C540-3AB1-8295-09E4E8FB44E2}.MinSizeRel|x64.ActiveCfg = MinSizeRel|x64
		{71B65011-C540-3AB1-8295-09E4E8FB44E2}.MinSizeRel|x64.Build.0 = MinSizeRel|x64
		{71B65011-C540-3AB1-8295-09E4E8FB44E2}.RelWithDebInfo|x64.ActiveCfg = RelWithDebInfo|x64
		{71B65011-C540-3AB1-8295-09E4E8FB44E2}.RelWithDebInfo|x64.Build.0 = RelWithDebInfo|x64
		{EFFDAEF0-B268-34CF-B553-550ED5DCE7EE}.Debug|x64.ActiveCfg = Debug|x64
		{EFFDAEF0-B268-34CF-B553-550ED5DCE7EE}.Debug|x64.Build.0 = Debug|x64
		{EFFDAEF0-B268-34CF-B553-550ED5DCE7EE}.Release|x64.ActiveCfg = Release|x64
		{EFFDAEF0-B268-34CF-B553-550ED5DCE7EE}.Release|x64.Build.0 = Release|x64
		{EFFDAEF0-B268-34CF-B553-550ED5DCE7EE}.MinSizeRel|x64.ActiveCfg = MinSizeRel|x64
		{EFFDAEF0-B268-34CF-B553-550ED5DCE7EE}.MinSizeRel|x64.Build.0 = MinSizeRel|x64
		{EFFDAEF0-B268-34CF-B553-550ED5DCE7EE}.RelWithDebInfo|x64.ActiveCfg = RelWithDebInfo|x64
		{EFFDAEF0-B268-34CF-B553-550ED5DCE7EE}.RelWithDebInfo|x64.Build.0 = RelWithDebInfo|x64
		{F227F92C-3194-360E-8A73-633653AFD917}.Debug|x64.ActiveCfg = Debug|x64
		{F227F92C-3194-360E-8A73-633653AFD917}.Debug|x64.Build.0 = Debug|x64
		{F227F92C-3194-360E-8A73-633653AFD917}.Release|x64.ActiveCfg = Release|x64
		{F227F92C-3194-360E-8A73-633653AFD917}.Release|x64.Build.0 = Release|x64
		{F227F92C-3194-360E-8A73-633653AFD917}.MinSizeRel|x64.ActiveCfg = MinSizeRel|x64
		{F227F92C-3194-360E-8A73-633653AFD917}.MinSizeRel|x64.Build.0 = MinSizeRel|x64
		{F227F92C-3194-360E-8A73-633653AFD917}.RelWithDebInfo|x64.ActiveCfg = RelWithDebInfo|x64
		{F227F92C-3194-360E-8A73-633653AFD917}.RelWithDebInfo|x64.Build.0 = RelWithDebInfo|x64
		{DEBCDCE7-9BC0-31D9-BBA0-CCF97115A971}.Debug|x64.ActiveCfg = Debug|x64
		{DEBCDCE7-9BC0-31D9-BBA0-CCF97115A971}.Debug|x64.Build.0 = Debug|x64
		{DEBCDCE7-9BC0-31D9-BBA0-CCF97115A971}.Release|x64.ActiveCfg = Release|x64
		{DEBCDCE7-9BC0-31D9-BBA0-CCF97115A971}.Release|x64.Build.0 = Release|x64
		{DEBCDCE7-9BC0-31D9-BBA0-CCF97115A971}.MinSizeRel|x64.ActiveCfg = MinSizeRel|x64
		{DEBCDCE7-9BC0-31D9-BBA0-CCF97115A971}.MinSizeRel|x64.Build.0 = MinSizeRel|x64
		{DEBCDCE7-9BC0-31D9-BBA0-CCF97115A971}.RelWithDebInfo|x64.ActiveCfg = RelWithDebInfo|x64
		{DEBCDCE7-9BC0-31D9-BBA0-CCF97115A971}.RelWithDebInfo|x64.Build.0 = RelWithDebInfo|x64
		{61CC08A6-2C39-3EC0-8910-CD041FB306D1}.Debug|x64.ActiveCfg = Debug|x64
		{61CC08A6-2C39-3EC0-8910-CD041FB306D1}.Debug|x64.Build.0 = Debug|x64
		{61CC08A6-2C39-3EC0-8910-CD041FB306D1}.Release|x64.ActiveCfg = Release|x64
		{61CC08A6-2C39-3EC0-8910-CD041FB306D1}.Release|x64.Build.0 = Release|x64
		{61CC08A6-2C39-3EC0-8910-CD041FB306D1}.MinSizeRel|x64.ActiveCfg = MinSizeRel|x64
		{61CC08A6-2C39-3EC0-8910-CD041FB306D1}.MinSizeRel|x64.Build.0 = MinSizeRel|x64
		{61CC08A6-2C39-3EC0-8910-CD041FB306D1}.RelWithDebInfo|x64.ActiveCfg = RelWithDebInfo|x64
		{61CC08A6-2C39-3EC0-8910-CD041FB306D1}.RelWithDebInfo|x64.Build.0 = RelWithDebInfo|x64
		{D48C2A51-50A9-3C64-AFBD-438D8CDB622A}.Debug|x64.ActiveCfg = Debug|x64
		{D48C2A51-50A9-3C64-AFBD-438D8CDB622A}.Debug|x64.Build.0 = Debug|x64
		{D48C2A51-50A9-3C64-AFBD-438D8CDB622A}.Release|x64.ActiveCfg = Release|x64
		{D48C2A51-50A9-3C64-AFBD-438D8CDB622A}.Release|x64.Build.0 = Release|x64
		{D48C2A51-50A9-3C64-AFBD-438D8CDB622A}.MinSizeRel|x64.ActiveCfg = MinSizeRel|x64
		{D48C2A51-50A9-3C64-AFBD-438D8CDB622A}.MinSizeRel|x64.Build.0 = MinSizeRel|x64
		{D48C2A51-50A9-3C64-AFBD-438D8CDB622A}.RelWithDebInfo|x64.ActiveCfg = RelWithDebInfo|x64
		{D48C2A51-50A9-3C64-AFBD-438D8CDB622A}.RelWithDebInfo|x64.Build.0 = RelWithDebInfo|x64
		{2F002838-DD00-3140-BA7B-37BE668DAAA0}.Debug|x64.ActiveCfg = Debug|x64
		{2F002838-DD00-3140-BA7B-37BE668DAAA0}.Debug|x64.Build.0 = Debug|x64
		{2F002838-DD00-3140-BA7B-37BE668DAAA0}.Release|x64.ActiveCfg = Release|x64
		{2F002838-DD00-3140-BA7B-37BE668DAAA0}.Release|x64.Build.0 = Release|x64
		{2F002838-DD00-3140-BA7B-37BE668DAAA0}.MinSizeRel|x64.ActiveCfg = MinSizeRel|x64
		{2F002838-DD00-3140-BA7B-37BE668DAAA0}.MinSizeRel|x64.Build.0 = MinSizeRel|x64
		{2F002838-DD00-3140-BA7B-37BE668DAAA0}.RelWithDebInfo|x64.ActiveCfg = RelWithDebInfo|x64
		{2F002838-DD00-3140-BA7B-37BE668DAAA0}.RelWithDebInfo|x64.Build.0 = RelWithDebInfo|x64
		{35624E26-7538-3776-AD71-EC01F7C67DDD}.Debug|x64.ActiveCfg = Debug|x64
		{35624E26-7538-3776-AD71-EC01F7C67DDD}.Debug|x64.Build.0 = Debug|x64
		{35624E26-7538-3776-AD71-EC01F7C67DDD}.Release|x64.ActiveCfg = Release|x64
		{35624E26-7538-3776-AD71-EC01F7C67DDD}.Release|x64.Build.0 = Release|x64
		{35624E26-7538-3776-AD71-EC01F7C67DDD}.MinSizeRel|x64.ActiveCfg = MinSizeRel|x64
		{35624E26-7538-3776-AD71-EC01F7C67DDD}.MinSizeRel|x64.Build.0 = MinSizeRel|x64
		{35624E26-7538-3776-AD71-EC01F7C67DDD}.RelWithDebInfo|x64.ActiveCfg = RelWithDebInfo|x64
		{35624E26-7538-3776-AD71-EC01F7C67DDD}.RelWithDebInfo|x64.Build.0 = RelWithDebInfo|x64
		{220B039C-16C7-360D-A947-2BD62EA36557}.Debug|x64.ActiveCfg = Debug|x64
		{220B039C-16C7-360D-A947-2BD62EA36557}.Debug|x64.Build.0 = Debug|x64
		{220B039C-16C7-360D-A947-2BD62EA36557}.Release|x64.ActiveCfg = Release|x64
		{220B039C-16C7-360D-A947-2BD62EA36557}.Release|x64.Build.0 = Release|x64
		{220B039C-16C7-360D-A947-2BD62EA36557}.MinSizeRel|x64.ActiveCfg = MinSizeRel|x64
		{220B039C-16C7-360D-A947-2BD62EA36557}.MinSizeRel|x64.Build.0 = MinSizeRel|x64
		{220B039C-16C7-360D-A947-2BD62EA36557}.RelWithDebInfo|x64.ActiveCfg = RelWithDebInfo|x64
		{220B039C-16C7-360D-A947-2BD62EA36557}.RelWithDebInfo|x64.Build.0 = RelWithDebInfo|x64
		{527356CD-FCFC-3040-B19C-515550E32BBD}.Debug|x64.ActiveCfg = Debug|x64
		{527356CD-FCFC-3040-B19C-515550E32BBD}.Debug|x64.Build.0 = Debug|x64
		{527356CD-FCFC-3040-B19C-515550E32BBD}.Release|x64.ActiveCfg = Release|x64
		{527356CD-FCFC-3040-B19C-515550E32BBD}.Release|x64.Build.0 = Release|x64
		{527356CD-FCFC-3040-B19C-515550E32BBD}.MinSizeRel|x64.ActiveCfg = MinSizeRel|x64
		{527356CD-FCFC-3040-B19C-515550E32BBD}.MinSizeRel|x64.Build.0 = MinSizeRel|x64
		{527356CD-FCFC-3040-B19C-515550E32BBD}.RelWithDebInfo|x64.ActiveCfg = RelWithDebInfo|x64
		{527356CD-FCFC-3040-B19C-515550E32BBD}.RelWithDebInfo|x64.Build.0 = RelWithDebInfo|x64
		{7DF56C5F-7DEE-3DCA-9059-7869B86D3D55}.Debug|x64.ActiveCfg = Debug|x64
		{7DF56C5F-7DEE-3DCA-9059-7869B86D3D55}.Debug|x64.Build.0 = Debug|x64
		{7DF56C5F-7DEE-3DCA-9059-7869B86D3D55}.Release|x64.ActiveCfg = Release|x64
		{7DF56C5F-7DEE-3DCA-9059-7869B86D3D55}.Release|x64.Build.0 = Release|x64
		{7DF56C5F-7DEE-3DCA-9059-7869B86D3D55}.MinSizeRel|x64.ActiveCfg = MinSizeRel|x64
		{7DF56C5F-7DEE-3DCA-9059-7869B86D3D55}.MinSizeRel|x64.Build.0 = MinSizeRel|x64
		{7DF56C5F-7DEE-3DCA-9059-7869B86D3D55}.RelWithDebInfo|x64.ActiveCfg = RelWithDebInfo|x64
		{7DF56C5F-7DEE-3DCA-9059-7869B86D3D55}.RelWithDebInfo|x64.Build.0 = RelWithDebInfo|x64
		{9EF5CD6F-442D-3B6E-8589-F3A7A3168118}.Debug|x64.ActiveCfg = Debug|x64
		{9EF5CD6F-442D-3B6E-8589-F3A7A3168118}.Debug|x64.Build.0 = Debug|x64
		{9EF5CD6F-442D-3B6E-8589-F3A7A3168118}.Release|x64.ActiveCfg = Release|x64
		{9EF5CD6F-442D-3B6E-8589-F3A7A3168118}.Release|x64.Build.0 = Release|x64
		{9EF5CD6F-442D-3B6E-8589-F3A7A3168118}.MinSizeRel|x64.ActiveCfg = MinSizeRel|x64
		{9EF5CD6F-442D-3B6E-8589-F3A7A3168118}.MinSizeRel|x64.Build.0 = MinSizeRel|x64
		{9EF5CD6F-442D-3B6E-8589-F3A7A3168118}.RelWithDebInfo|x64.ActiveCfg = RelWithDebInfo|x64
		{9EF5CD6F-442D-3B6E-8589-F3A7A3168118}.RelWithDebInfo|x64.Build.0 = RelWithDebInfo|x64
		{828109F0-0407-361C-B969-F6E3E649CD7F}.Debug|x64.ActiveCfg = Debug|x64
		{828109F0-0407-361C-B969-F6E3E649CD7F}.Debug|x64.Build.0 = Debug|x64
		{828109F0-0407-361C-B969-F6E3E649CD7F}.Release|x64.ActiveCfg = Release|x64
		{828109F0-0407-361C-B969-F6E3E649CD7F}.Release|x64.Build.0 = Release|x64
		{828109F0-0407-361C-B969-F6E3E649CD7F}.MinSizeRel|x64.ActiveCfg = MinSizeRel|x64
		{828109F0-0407-361C-B969-F6E3E649CD7F}.MinSizeRel|x64.Build.0 = MinSizeRel|x64
		{828109F0-0407-361C-B969-F6E3E649CD7F}.RelWithDebInfo|x64.ActiveCfg = RelWithDebInfo|x64
		{828109F0-0407-361C-B969-F6E3E649CD7F}.RelWithDebInfo|x64.Build.0 = RelWithDebInfo|x64
		{E64E86B8-E619-309B-A004-21880841737F}.Debug|x64.ActiveCfg = Debug|x64
		{E64E86B8-E619-309B-A004-21880841737F}.Debug|x64.Build.0 = Debug|x64
		{E64E86B8-E619-309B-A004-21880841737F}.Release|x64.ActiveCfg = Release|x64
		{E64E86B8-E619-309B-A004-21880841737F}.Release|x64.Build.0 = Release|x64
		{E64E86B8-E619-309B-A004-21880841737F}.MinSizeRel|x64.ActiveCfg = MinSizeRel|x64
		{E64E86B8-E619-309B-A004-21880841737F}.MinSizeRel|x64.Build.0 = MinSizeRel|x64
		{E64E86B8-E619-309B-A004-21880841737F}.RelWithDebInfo|x64.ActiveCfg = RelWithDebInfo|x64
		{E64E86B8-E619-309B-A004-21880841737F}.RelWithDebInfo|x64.Build.0 = RelWithDebInfo|x64
		{695D9356-CCE5-3510-978C-137C29FEF256}.Debug|x64.ActiveCfg = Debug|x64
		{695D9356-CCE5-3510-978C-137C29FEF256}.Release|x64.ActiveCfg = Release|x64
		{695D9356-CCE5-3510-978C-137C29FEF256}.MinSizeRel|x64.ActiveCfg = MinSizeRel|x64
		{695D9356-CCE5-3510-978C-137C29FEF256}.RelWithDebInfo|x64.ActiveCfg = RelWithDebInfo|x64
		{B1D3235C-217B-34FE-A839-CFB5EB2E6320}.Debug|x64.ActiveCfg = Debug|x64
		{B1D3235C-217B-34FE-A839-CFB5EB2E6320}.Debug|x64.Build.0 = Debug|x64
		{B1D3235C-217B-34FE-A839-CFB5EB2E6320}.Release|x64.ActiveCfg = Release|x64
		{B1D3235C-217B-34FE-A839-CFB5EB2E6320}.Release|x64.Build.0 = Release|x64
		{B1D3235C-217B-34FE-A839-CFB5EB2E6320}.MinSizeRel|x64.ActiveCfg = MinSizeRel|x64
		{B1D3235C-217B-34FE-A839-CFB5EB2E6320}.MinSizeRel|x64.Build.0 = MinSizeRel|x64
		{B1D3235C-217B-34FE-A839-CFB5EB2E6320}.RelWithDebInfo|x64.ActiveCfg = RelWithDebInfo|x64
		{B1D3235C-217B-34FE-A839-CFB5EB2E6320}.RelWithDebInfo|x64.Build.0 = RelWithDebInfo|x64
		{30F3F5DA-EC95-33B9-980D-4143F4758EA0}.Debug|x64.ActiveCfg = Debug|x64
		{30F3F5DA-EC95-33B9-980D-4143F4758EA0}.Debug|x64.Build.0 = Debug|x64
		{30F3F5DA-EC95-33B9-980D-4143F4758EA0}.Release|x64.ActiveCfg = Release|x64
		{30F3F5DA-EC95-33B9-980D-4143F4758EA0}.Release|x64.Build.0 = Release|x64
		{30F3F5DA-EC95-33B9-980D-4143F4758EA0}.MinSizeRel|x64.ActiveCfg = MinSizeRel|x64
		{30F3F5DA-EC95-33B9-980D-4143F4758EA0}.MinSizeRel|x64.Build.0 = MinSizeRel|x64
		{30F3F5DA-EC95-33B9-980D-4143F4758EA0}.RelWithDebInfo|x64.ActiveCfg = RelWithDebInfo|x64
		{30F3F5DA-EC95-33B9-980D-4143F4758EA0}.RelWithDebInfo|x64.Build.0 = RelWithDebInfo|x64
	EndGlobalSection
	GlobalSection(NestedProjects) = preSolution
		{B805D3AC-EBF9-3C49-B688-C7F23851D76A} = {05717DBA-AD9D-35A2-8A0D-21DB6088316D}
		{2BB5030E-21FE-3101-83FC-8FD11285F8D0} = {05717DBA-AD9D-35A2-8A0D-21DB6088316D}
		{2DF53592-0495-3B64-8F15-3F63D9B7ED32} = {05717DBA-AD9D-35A2-8A0D-21DB6088316D}
		{6F4CF6F1-E1E8-3312-B972-BD5E1A7BC033} = {D43327FC-F860-3C1A-B4C4-81F9DC01A636}
		{1C9F99AD-4DF9-3327-A027-ADB78B618218} = {D43327FC-F860-3C1A-B4C4-81F9DC01A636}
		{FA5CB1B8-A7CC-322B-B86D-C41746487F82} = {D43327FC-F860-3C1A-B4C4-81F9DC01A636}
		{695D9356-CCE5-3510-978C-137C29FEF256} = {D43327FC-F860-3C1A-B4C4-81F9DC01A636}
		{2BE4D303-915D-3BD7-AEC9-048EE8DC35A2} = {6F4CF6F1-E1E8-3312-B972-BD5E1A7BC033}
		{B345733C-EAB8-3D7B-8EA5-70FB712BA5F4} = {6F4CF6F1-E1E8-3312-B972-BD5E1A7BC033}
		{5B417FA8-59F4-39F2-84B2-58692EB8A334} = {6F4CF6F1-E1E8-3312-B972-BD5E1A7BC033}
		{F227F92C-3194-360E-8A73-633653AFD917} = {6F4CF6F1-E1E8-3312-B972-BD5E1A7BC033}
		{61CC08A6-2C39-3EC0-8910-CD041FB306D1} = {6F4CF6F1-E1E8-3312-B972-BD5E1A7BC033}
		{2F002838-DD00-3140-BA7B-37BE668DAAA0} = {6F4CF6F1-E1E8-3312-B972-BD5E1A7BC033}
		{35624E26-7538-3776-AD71-EC01F7C67DDD} = {6F4CF6F1-E1E8-3312-B972-BD5E1A7BC033}
		{220B039C-16C7-360D-A947-2BD62EA36557} = {6F4CF6F1-E1E8-3312-B972-BD5E1A7BC033}
		{B1D3235C-217B-34FE-A839-CFB5EB2E6320} = {6F4CF6F1-E1E8-3312-B972-BD5E1A7BC033}
		{4A8D1CBD-7D1E-3A13-8907-2D202A03FDF8} = {1C9F99AD-4DF9-3327-A027-ADB78B618218}
		{231BB082-ABB5-36D4-9EBE-70ED05120B64} = {1C9F99AD-4DF9-3327-A027-ADB78B618218}
		{BEEB2CCF-C755-360D-906F-27E2D0D70C18} = {1C9F99AD-4DF9-3327-A027-ADB78B618218}
		{81A46649-394F-39C0-8991-92A19092F935} = {1C9F99AD-4DF9-3327-A027-ADB78B618218}
		{2A1993DE-191C-3C90-98DD-5F44B4E273BB} = {1C9F99AD-4DF9-3327-A027-ADB78B618218}
		{D0416E12-A631-36AA-BFB0-3A2DF60896D6} = {1C9F99AD-4DF9-3327-A027-ADB78B618218}
		{96D4AA35-6BF6-30F5-B100-5ED9436CEDE2} = {1C9F99AD-4DF9-3327-A027-ADB78B618218}
		{592ACD68-826B-3B81-8535-C6C769266EEA} = {1C9F99AD-4DF9-3327-A027-ADB78B618218}
		{10B1CA29-99D0-33E0-AA53-7D982E36617B} = {1C9F99AD-4DF9-3327-A027-ADB78B618218}
		{ABE1CC01-FF99-37C0-84D1-FD98B21938BB} = {1C9F99AD-4DF9-3327-A027-ADB78B618218}
		{71B65011-C540-3AB1-8295-09E4E8FB44E2} = {1C9F99AD-4DF9-3327-A027-ADB78B618218}
		{EFFDAEF0-B268-34CF-B553-550ED5DCE7EE} = {1C9F99AD-4DF9-3327-A027-ADB78B618218}
		{DEBCDCE7-9BC0-31D9-BBA0-CCF97115A971} = {1C9F99AD-4DF9-3327-A027-ADB78B618218}
		{D48C2A51-50A9-3C64-AFBD-438D8CDB622A} = {1C9F99AD-4DF9-3327-A027-ADB78B618218}
		{527356CD-FCFC-3040-B19C-515550E32BBD} = {1C9F99AD-4DF9-3327-A027-ADB78B618218}
		{7DF56C5F-7DEE-3DCA-9059-7869B86D3D55} = {1C9F99AD-4DF9-3327-A027-ADB78B618218}
		{9EF5CD6F-442D-3B6E-8589-F3A7A3168118} = {1C9F99AD-4DF9-3327-A027-ADB78B618218}
		{828109F0-0407-361C-B969-F6E3E649CD7F} = {1C9F99AD-4DF9-3327-A027-ADB78B618218}
		{E64E86B8-E619-309B-A004-21880841737F} = {1C9F99AD-4DF9-3327-A027-ADB78B618218}
		{30F3F5DA-EC95-33B9-980D-4143F4758EA0} = {1C9F99AD-4DF9-3327-A027-ADB78B618218}
	EndGlobalSection
	GlobalSection(ExtensibilityGlobals) = postSolution
		SolutionGuid = {CA3CA4B1-3A33-384D-B282-4F42680575AF}
	EndGlobalSection
	GlobalSection(ExtensibilityAddIns) = postSolution
	EndGlobalSection
EndGlobal
