<?xml version="1.0" encoding="utf-8"?>
<Project ToolsVersion="16.0" xmlns="http://schemas.microsoft.com/developer/msbuild/2003">
  <ItemGroup>
    <CustomBuild Include="C:\tools\glfw-3.3.2\CMakeFiles\415da94d56aa9e47f9a72bdc21a1ad48\INSTALL_force.rule">
      <Filter>CMake Rules</Filter>
    </CustomBuild>
  </ItemGroup>
  <ItemGroup>
    <Filter Include="CMake Rules">
      <UniqueIdentifier>{29A30EA1-66AA-3597-ADD9-92115705803A}</UniqueIdentifier>
    </Filter>
  </ItemGroup>
</Project>
